
Microsoft Visual Studio Solution File, Format Version 12.00
# Visual Studio Version 17
VisualStudioVersion = 17.14.36414.22 d17.14
MinimumVisualStudioVersion = 10.0.40219.1
Project("{FAE04EC0-301F-11D3-BF4B-00C04F79EFBC}") = "RamaPrueba1", "RamaPrueba1\RamaPrueba1.csproj", "{824347E5-F7D9-4E8D-8A0B-E4F3E711F6B4}"
EndProject
Global
	GlobalSection(SolutionConfigurationPlatforms) = preSolution
		Debug|Any CPU = Debug|Any CPU
		Release|Any CPU = Release|Any CPU
	EndGlobalSection
	GlobalSection(ProjectConfigurationPlatforms) = postSolution
		{824347E5-F7D9-4E8D-8A0B-E4F3E711F6B4}.Debug|Any CPU.ActiveCfg = Debug|Any CPU
		{824347E5-F7D9-4E8D-8A0B-E4F3E711F6B4}.Debug|Any CPU.Build.0 = Debug|Any CPU
		{824347E5-F7D9-4E8D-8A0B-E4F3E711F6B4}.Release|Any CPU.ActiveCfg = Release|Any CPU
		{824347E5-F7D9-4E8D-8A0B-E4F3E711F6B4}.Release|Any CPU.Build.0 = Release|Any CPU
	EndGlobalSection
	GlobalSection(SolutionProperties) = preSolution
		HideSolutionNode = FALSE
	EndGlobalSection
	GlobalSection(ExtensibilityGlobals) = postSolution
		SolutionGuid = {345F971B-3949-46E0-85EF-3AC81A344B52}
	EndGlobalSection
EndGlobal
