
Microsoft Visual Studio Solution File, Format Version 12.00
# Visual Studio Version 17
VisualStudioVersion = 17.14.36414.22 d17.14
MinimumVisualStudioVersion = 10.0.40219.1
Project("{FAE04EC0-301F-11D3-BF4B-00C04F79EFBC}") = "Csdeprueba", "Csdeprueba\Csdeprueba.csproj", "{E1820CAB-584E-4309-84A0-7E7FE85F56B8}"
EndProject
Global
	GlobalSection(SolutionConfigurationPlatforms) = preSolution
		Debug|Any CPU = Debug|Any CPU
		Release|Any CPU = Release|Any CPU
	EndGlobalSection
	GlobalSection(ProjectConfigurationPlatforms) = postSolution
		{E1820CAB-584E-4309-84A0-7E7FE85F56B8}.Debug|Any CPU.ActiveCfg = Debug|Any CPU
		{E1820CAB-584E-4309-84A0-7E7FE85F56B8}.Debug|Any CPU.Build.0 = Debug|Any CPU
		{E1820CAB-584E-4309-84A0-7E7FE85F56B8}.Release|Any CPU.ActiveCfg = Release|Any CPU
		{E1820CAB-584E-4309-84A0-7E7FE85F56B8}.Release|Any CPU.Build.0 = Release|Any CPU
	EndGlobalSection
	GlobalSection(SolutionProperties) = preSolution
		HideSolutionNode = FALSE
	EndGlobalSection
	GlobalSection(ExtensibilityGlobals) = postSolution
		SolutionGuid = {7C2FC5CE-8604-4A5E-BC9F-FF02CF669A8A}
	EndGlobalSection
EndGlobal
